{
    "_meta": {
        "hash": {
            "sha256": "df144860c846e23485d3937bba79958f9ec768db26a3f49e1f2613174d06fc11"
        },
        "pipfile-spec": 6,
        "requires": {
            "python_version": "3.6"
        },
        "sources": [
            {
                "url": "https://pypi.python.org/simple",
                "verify_ssl": true
            }
        ]
    },
    "default": {
        "altgraph": {
            "hashes": [
                "sha256:1f05a47122542f97028caf78775a095fbe6a2699b5089de8477eb583167d69aa",
                "sha256:c623e5f3408ca61d4016f23a681b9adb100802ca3e3da5e718915a9e4052cebe"
            ],
            "version": "==0.17"
        },
        "biplist": {
            "hashes": [
                "sha256:4c0549764c5fe50b28042ec21aa2e14fe1a2224e239a1dae77d9e7f3932aa4c6"
            ],
            "version": "==1.0.3"
        },
        "certifi": {
            "hashes": [
                "sha256:017c25db2a153ce562900032d5bc68e9f191e44e9a0f762f373977de9df1fbb3",
                "sha256:25b64c7da4cd7479594d035c08c2d809eb4aab3a26e5a990ea98cc450c320f1f"
            ],
            "version": "==2019.11.28"
        },
        "chardet": {
            "hashes": [
                "sha256:84ab92ed1c4d4f16916e05906b6b75a6c0fb5db821cc65e70cbd64a3e2a5eaae",
                "sha256:fc323ffcaeaed0e0a02bf4d117757b98aed530d9ed4531e3e15460124c106691"
            ],
            "version": "==3.0.4"
        },
        "dmgbuild": {
            "hashes": [
                "sha256:2004a3a304bd29ac541af990a2b1d531b82c49f9465dbbf33e5b30efc48b620d"
            ],
            "markers": "sys_platform == 'darwin'",
            "version": "==1.3.3"
        },
        "ds-store": {
            "hashes": [
                "sha256:f569659cfd66b21273c5a2405d5e1e0f54fddebf627130329f01404f271a074c"
            ],
            "version": "==1.1.2"
        },
        "etaprogress": {
            "hashes": [
                "sha256:9fe72db81b04792155081d4710acf65140e7c59df48d51b8d309ba7a24ab3a91"
            ],
            "markers": "sys_platform == 'win32'",
            "version": "==1.1.1"
        },
        "idna": {
            "hashes": [
                "sha256:c357b3f628cf53ae2c4c05627ecc484553142ca23264e593d327bcde5e9c3407",
                "sha256:ea8b7f6188e6fa117537c3df7da9fc686d485087abf6ac197f9c46432f7e4a3c"
            ],
            "version": "==2.8"
        },
        "mac-alias": {
            "hashes": [
                "sha256:c485e3eb9d600208cc0aa906282f0d575a535395306289bcdb4096599189e223"
            ],
            "version": "==2.0.7"
        },
        "ply": {
            "hashes": [
                "sha256:00c7c1aaa88358b9c765b6d3000c6eec0ba42abca5351b095321aef446081da3",
                "sha256:096f9b8350b65ebd2fd1346b12452efe5b9607f7482813ffca50c22722a807ce"
            ],
            "version": "==3.11"
        },
        "pyinstaller": {
            "hashes": [
                "sha256:3730fa80d088f8bb7084d32480eb87cbb4ddb64123363763cf8f2a1378c1c4b7"
            ],
            "markers": "sys_platform != 'win32'",
            "version": "==3.6"
        },
        "pyqt5": {
            "hashes": [
                "sha256:1e652910bd1ffd23a3a48c510ecad23a57a853ed26b782cd54b16658e6f271ac",
                "sha256:4db7113f464c733a99fcb66c4c093a47cf7204ad3f8b3bda502efcc0839ac14b",
                "sha256:9c17ab3974c1fc7bbb04cc1c9dae780522c0ebc158613f3025fccae82227b5f7",
                "sha256:f6035baa009acf45e5f460cf88f73580ad5dc0e72330029acd99e477f20a5d61"
            ],
            "version": "==5.10.1"
        },
        "pywin32": {
            "hashes": [
                "sha256:300a2db938e98c3e7e2093e4491439e62287d0d493fe07cce110db070b54c0be",
                "sha256:31f88a89139cb2adc40f8f0e65ee56a8c585f629974f9e07622ba80199057511",
                "sha256:371fcc39416d736401f0274dd64c2302728c9e034808e37381b5e1b22be4a6b0",
                "sha256:47a3c7551376a865dd8d095a98deba954a98f326c6fe3c72d8726ca6e6b15507",
                "sha256:4cdad3e84191194ea6d0dd1b1b9bdda574ff563177d2adf2b4efec2a244fa116",
                "sha256:7c1ae32c489dc012930787f06244426f8356e129184a02c25aef163917ce158e",
                "sha256:7f18199fbf29ca99dff10e1f09451582ae9e372a892ff03a28528a24d55875bc",
                "sha256:9b31e009564fb95db160f154e2aa195ed66bcc4c058ed72850d047141b36f3a2",
                "sha256:a929a4af626e530383a579431b70e512e736e9588106715215bf685a3ea508d4",
                "sha256:c054c52ba46e7eb6b7d7dfae4dbd987a1bb48ee86debe3f245a2884ece46e295",
                "sha256:f27cec5e7f588c3d1051651830ecc00294f90728d19c3bf6916e6dba93ea357c",
                "sha256:f4c5be1a293bae0076d93c88f37ee8da68136744588bc5e2be2f299a34ceb7aa"
            ],
            "markers": "sys_platform == 'win32'",
            "version": "==227"
        },
        "raven": {
            "hashes": [
                "sha256:3fa6de6efa2493a7c827472e984ce9b020797d0da16f1db67197bcc23c8fae54",
                "sha256:44a13f87670836e153951af9a3c80405d36b43097db869a36e92809673692ce4"
            ],
            "version": "==6.10.0"
        },
        "requests": {
            "hashes": [
                "sha256:11e007a8a2aa0323f5a921e9e6a2d7e4e67d9877e85773fba9ba6419025cbeb4",
                "sha256:9cf5292fcd0f598c671cfc1e0d7d1a7f13bb8085e9a590f48c010551dc6c4b31"
            ],
            "version": "==2.22.0"
        },
        "requests-toolbelt": {
            "hashes": [
                "sha256:380606e1d10dc85c3bd47bf5a6095f815ec007be7a8b69c878507068df059e6f",
                "sha256:968089d4584ad4ad7c171454f0a5c6dac23971e9472521ea3b6d49d610aa6fc0"
            ],
            "version": "==0.9.1"
        },
        "semantic-version": {
            "hashes": [
                "sha256:352459f640f3db86551d8054d1288608b29a96e880c7746f0a59c92879d412a3",
                "sha256:4eedff095ecdd7790a9e6d7130d49250209e0c7bf6741423c4a4017d9bac4c04"
            ],
            "version": "==2.8.4"
        },
        "sip": {
            "hashes": [
                "sha256:09f9a4e6c28afd0bafedb26ffba43375b97fe7207bd1a0d3513f79b7d168b331",
                "sha256:105edaaa1c8aa486662226360bd3999b4b89dd56de3e314d82b83ed0587d8783",
                "sha256:1bb10aac55bd5ab0e2ee74b3047aa2016cfa7932077c73f602a6f6541af8cd51",
                "sha256:265ddf69235dd70571b7d4da20849303b436192e875ce7226be7144ca702a45c",
                "sha256:52074f7cb5488e8b75b52f34ec2230bc75d22986c7fe5cd3f2d266c23f3349a7",
                "sha256:5ff887a33839de8fc77d7f69aed0259b67a384dc91a1dc7588e328b0b980bde2",
                "sha256:74da4ddd20c5b35c19cda753ce1e8e1f71616931391caeac2de7a1715945c679",
                "sha256:7d69e9cf4f8253a3c0dfc5ba6bb9ac8087b8239851f22998e98cb35cfe497b68",
                "sha256:97bb93ee0ef01ba90f57be2b606e08002660affd5bc380776dd8b0fcaa9e093a",
                "sha256:cf98150a99e43fda7ae22abe655b6f202e491d6291486548daa56cb15a2fcf85",
                "sha256:d9023422127b94d11c1a84bfa94933e959c484f2c79553c1ef23c69fe00d25f8",
                "sha256:e72955e12f4fccf27aa421be383453d697b8a44bde2cc26b08d876fd492d0174"
            ],
            "version": "==4.19.8"
        },
        "six": {
            "hashes": [
                "sha256:236bdbdce46e6e6a3d61a337c0f8b763ca1e8717c03b369e87a7ec7ce1319c0a",
                "sha256:8f3cd2e254d8f793e7f3d6d9df77b92252b52637291d0f0da013c76ea2724b6c"
            ],
            "version": "==1.14.0"
        },
        "token-bucket": {
            "hashes": [
                "sha256:76305d9dbe875d3b033b5bf208cc2cf78c003129378108ab1bae919a42b108da",
                "sha256:e25aec9cce401447f3588a70d5c45336d460d4fac90f20156bbda26f83fc1aae"
            ],
            "version": "==0.2.0"
        },
        "urllib3": {
            "hashes": [
                "sha256:2f3db8b19923a873b3e5256dc9c2dedfa883e33d87c690d9c7913e1f40673cdc",
                "sha256:87716c2d2a7121198ebcb7ce7cccf6ce5e9ba539041cfbaeecfb641dc0bf6acc"
            ],
            "version": "==1.25.8"
        }
    },
    "develop": {}
}
